// !$*UTF8*$!
{
	archiveVersion = 1;
	classes = {
	};
	objectVersion = 77;
	objects = {

/* Begin PBXContainerItemProxy section */
		28C7AC3E2D22640100965A84 /* PBXContainerItemProxy */ = {
			isa = PBXContainerItemProxy;
			containerPortal = 28C7AC1C2D22640000965A84 /* Project object */;
			proxyType = 1;
			remoteGlobalIDString = 28C7AC232D22640000965A84;
			remoteInfo = ChatAppTask1;
		};
		28C7AC482D22640100965A84 /* PBXContainerItemProxy */ = {
			isa = PBXContainerItemProxy;
			containerPortal = 28C7AC1C2D22640000965A84 /* Project object */;
			proxyType = 1;
			remoteGlobalIDString = 28C7AC232D22640000965A84;
			remoteInfo = ChatAppTask1;
		};
/* End PBXContainerItemProxy section */

/* Begin PBXFileReference section */
		28C7AC242D22640000965A84 /* ChatAppTask1.app */ = {isa = PBXFileReference; explicitFileType = wrapper.application; includeInIndex = 0; path = ChatAppTask1.app; sourceTree = BUILT_PRODUCTS_DIR; };
		28C7AC3D2D22640100965A84 /* ChatAppTask1Tests.xctest */ = {isa = PBXFileReference; explicitFileType = wrapper.cfbundle; includeInIndex = 0; path = ChatAppTask1Tests.xctest; sourceTree = BUILT_PRODUCTS_DIR; };
		28C7AC472D22640100965A84 /* ChatAppTask1UITests.xctest */ = {isa = PBXFileReference; explicitFileType = wrapper.cfbundle; includeInIndex = 0; path = ChatAppTask1UITests.xctest; sourceTree = BUILT_PRODUCTS_DIR; };
/* End PBXFileReference section */

/* Begin PBXFileSystemSynchronizedBuildFileExceptionSet section */
		28C7AC4F2D22640100965A84 /* Exceptions for "ChatAppTask1" folder in "ChatAppTask1" target */ = {
			isa = PBXFileSystemSynchronizedBuildFileExceptionSet;
			membershipExceptions = (
				Info.plist,
			);
			target = 28C7AC232D22640000965A84 /* ChatAppTask1 */;
		};
/* End PBXFileSystemSynchronizedBuildFileExceptionSet section */

/* Begin PBXFileSystemSynchronizedRootGroup section */
		28C7AC262D22640000965A84 /* ChatAppTask1 */ = {
			isa = PBXFileSystemSynchronizedRootGroup;
			exceptions = (
				28C7AC4F2D22640100965A84 /* Exceptions for "ChatAppTask1" folder in "ChatAppTask1" target */,
			);
			path = ChatAppTask1;
			sourceTree = "<group>";
		};
		28C7AC402D22640100965A84 /* ChatAppTask1Tests */ = {
			isa = PBXFileSystemSynchronizedRootGroup;
			path = ChatAppTask1Tests;
			sourceTree = "<group>";
		};
		28C7AC4A2D22640100965A84 /* ChatAppTask1UITests */ = {
			isa = PBXFileSystemSynchronizedRootGroup;
			path = ChatAppTask1UITests;
			sourceTree = "<group>";
		};
/* End PBXFileSystemSynchronizedRootGroup section */

/* Begin PBXFrameworksBuildPhase section */
		28C7AC212D22640000965A84 /* Frameworks */ = {
			isa = PBXFrameworksBuildPhase;
			buildActionMask = 2147483647;
			files = (
			);
			runOnlyForDeploymentPostprocessing = 0;
		};
		28C7AC3A2D22640100965A84 /* Frameworks */ = {
			isa = PBXFrameworksBuildPhase;
			buildActionMask = 2147483647;
			files = (
			);
			runOnlyForDeploymentPostprocessing = 0;
		};
		28C7AC442D22640100965A84 /* Frameworks */ = {
			isa = PBXFrameworksBuildPhase;
			buildActionMask = 2147483647;
			files = (
			);
			runOnlyForDeploymentPostprocessing = 0;
		};
/* End PBXFrameworksBuildPhase section */

/* Begin PBXGroup section */
		28C7AC1B2D22640000965A84 = {
			isa = PBXGroup;
			children = (
				28C7AC262D22640000965A84 /* ChatAppTask1 */,
				28C7AC402D22640100965A84 /* ChatAppTask1Tests */,
				28C7AC4A2D22640100965A84 /* ChatAppTask1UITests */,
				28C7AC252D22640000965A84 /* Products */,
			);
			sourceTree = "<group>";
		};
		28C7AC252D22640000965A84 /* Products */ = {
			isa = PBXGroup;
			children = (
				28C7AC242D22640000965A84 /* ChatAppTask1.app */,
				28C7AC3D2D22640100965A84 /* ChatAppTask1Tests.xctest */,
				28C7AC472D22640100965A84 /* ChatAppTask1UITests.xctest */,
			);
			name = Products;
			sourceTree = "<group>";
		};
/* End PBXGroup section */

/* Begin PBXNativeTarget section */
		28C7AC232D22640000965A84 /* ChatAppTask1 */ = {
			isa = PBXNativeTarget;
			buildConfigurationList = 28C7AC502D22640100965A84 /* Build configuration list for PBXNativeTarget "ChatAppTask1" */;
			buildPhases = (
				28C7AC202D22640000965A84 /* Sources */,
				28C7AC212D22640000965A84 /* Frameworks */,
				28C7AC222D22640000965A84 /* Resources */,
			);
			buildRules = (
			);
			dependencies = (
			);
			fileSystemSynchronizedGroups = (
				28C7AC262D22640000965A84 /* ChatAppTask1 */,
			);
			name = ChatAppTask1;
			packageProductDependencies = (
			);
			productName = ChatAppTask1;
			productReference = 28C7AC242D22640000965A84 /* ChatAppTask1.app */;
			productType = "com.apple.product-type.application";
		};
		28C7AC3C2D22640100965A84 /* ChatAppTask1Tests */ = {
			isa = PBXNativeTarget;
			buildConfigurationList = 28C7AC552D22640100965A84 /* Build configuration list for PBXNativeTarget "ChatAppTask1Tests" */;
			buildPhases = (
				28C7AC392D22640100965A84 /* Sources */,
				28C7AC3A2D22640100965A84 /* Frameworks */,
				28C7AC3B2D22640100965A84 /* Resources */,
			);
			buildRules = (
			);
			dependencies = (
				28C7AC3F2D22640100965A84 /* PBXTargetDependency */,
			);
			fileSystemSynchronizedGroups = (
				28C7AC402D22640100965A84 /* ChatAppTask1Tests */,
			);
			name = ChatAppTask1Tests;
			packageProductDependencies = (
			);
			productName = ChatAppTask1Tests;
			productReference = 28C7AC3D2D22640100965A84 /* ChatAppTask1Tests.xctest */;
			productType = "com.apple.product-type.bundle.unit-test";
		};
		28C7AC462D22640100965A84 /* ChatAppTask1UITests */ = {
			isa = PBXNativeTarget;
			buildConfigurationList = 28C7AC582D22640100965A84 /* Build configuration list for PBXNativeTarget "ChatAppTask1UITests" */;
			buildPhases = (
				28C7AC432D22640100965A84 /* Sources */,
				28C7AC442D22640100965A84 /* Frameworks */,
				28C7AC452D22640100965A84 /* Resources */,
			);
			buildRules = (
			);
			dependencies = (
				28C7AC492D22640100965A84 /* PBXTargetDependency */,
			);
			fileSystemSynchronizedGroups = (
				28C7AC4A2D22640100965A84 /* ChatAppTask1UITests */,
			);
			name = ChatAppTask1UITests;
			packageProductDependencies = (
			);
			productName = ChatAppTask1UITests;
			productReference = 28C7AC472D22640100965A84 /* ChatAppTask1UITests.xctest */;
			productType = "com.apple.product-type.bundle.ui-testing";
		};
/* End PBXNativeTarget section */

/* Begin PBXProject section */
		28C7AC1C2D22640000965A84 /* Project object */ = {
			isa = PBXProject;
			attributes = {
				BuildIndependentTargetsInParallel = 1;
				LastSwiftUpdateCheck = 1620;
				LastUpgradeCheck = 1620;
				TargetAttributes = {
					28C7AC232D22640000965A84 = {
						CreatedOnToolsVersion = 16.2;
					};
					28C7AC3C2D22640100965A84 = {
						CreatedOnToolsVersion = 16.2;
						TestTargetID = 28C7AC232D22640000965A84;
					};
					28C7AC462D22640100965A84 = {
						CreatedOnToolsVersion = 16.2;
						TestTargetID = 28C7AC232D22640000965A84;
					};
				};
			};
			buildConfigurationList = 28C7AC1F2D22640000965A84 /* Build configuration list for PBXProject "ChatAppTask1" */;
			developmentRegion = en;
			hasScannedForEncodings = 0;
			knownRegions = (
				en,
				Base,
			);
			mainGroup = 28C7AC1B2D22640000965A84;
			minimizedProjectReferenceProxies = 1;
			preferredProjectObjectVersion = 77;
			productRefGroup = 28C7AC252D22640000965A84 /* Products */;
			projectDirPath = "";
			projectRoot = "";
			targets = (
				28C7AC232D22640000965A84 /* ChatAppTask1 */,
				28C7AC3C2D22640100965A84 /* ChatAppTask1Tests */,
				28C7AC462D22640100965A84 /* ChatAppTask1UITests */,
			);
		};
/* End PBXProject section */

/* Begin PBXResourcesBuildPhase section */
		28C7AC222D22640000965A84 /* Resources */ = {
			isa = PBXResourcesBuildPhase;
			buildActionMask = 2147483647;
			files = (
			);
			runOnlyForDeploymentPostprocessing = 0;
		};
		28C7AC3B2D22640100965A84 /* Resources */ = {
			isa = PBXResourcesBuildPhase;
			buildActionMask = 2147483647;
			files = (
			);
			runOnlyForDeploymentPostprocessing = 0;
		};
		28C7AC452D22640100965A84 /* Resources */ = {
			isa = PBXResourcesBuildPhase;
			buildActionMask = 2147483647;
			files = (
			);
			runOnlyForDeploymentPostprocessing = 0;
		};
/* End PBXResourcesBuildPhase section */

/* Begin PBXSourcesBuildPhase section */
		28C7AC202D22640000965A84 /* Sources */ = {
			isa = PBXSourcesBuildPhase;
			buildActionMask = 2147483647;
			files = (
			);
			runOnlyForDeploymentPostprocessing = 0;
		};
		28C7AC392D22640100965A84 /* Sources */ = {
			isa = PBXSourcesBuildPhase;
			buildActionMask = 2147483647;
			files = (
			);
			runOnlyForDeploymentPostprocessing = 0;
		};
		28C7AC432D22640100965A84 /* Sources */ = {
			isa = PBXSourcesBuildPhase;
			buildActionMask = 2147483647;
			files = (
			);
			runOnlyForDeploymentPostprocessing = 0;
		};
/* End PBXSourcesBuildPhase section */

/* Begin PBXTargetDependency section */
		28C7AC3F2D22640100965A84 /* PBXTargetDependency */ = {
			isa = PBXTargetDependency;
			target = 28C7AC232D22640000965A84 /* ChatAppTask1 */;
			targetProxy = 28C7AC3E2D22640100965A84 /* PBXContainerItemProxy */;
		};
		28C7AC492D22640100965A84 /* PBXTargetDependency */ = {
			isa = PBXTargetDependency;
			target = 28C7AC232D22640000965A84 /* ChatAppTask1 */;
			targetProxy = 28C7AC482D22640100965A84 /* PBXContainerItemProxy */;
		};
/* End PBXTargetDependency section */

/* Begin XCBuildConfiguration section */
		28C7AC512D22640100965A84 /* Debug */ = {
			isa = XCBuildConfiguration;
			buildSettings = {
				ASSETCATALOG_COMPILER_APPICON_NAME = AppIcon;
				ASSETCATALOG_COMPILER_GLOBAL_ACCENT_COLOR_NAME = AccentColor;
				CODE_SIGN_STYLE = Automatic;
				CURRENT_PROJECT_VERSION = 1;
				GENERATE_INFOPLIST_FILE = YES;
				INFOPLIST_FILE = ChatAppTask1/Info.plist;
				INFOPLIST_KEY_UIApplicationSupportsIndirectInputEvents = YES;
				INFOPLIST_KEY_UILaunchStoryboardName = LaunchScreen;
				INFOPLIST_KEY_UIMainStoryboardFile = Main;
				INFOPLIST_KEY_UISupportedInterfaceOrientations_iPad = "UIInterfaceOrientationPortrait UIInterfaceOrientationPortraitUpsideDown UIInterfaceOrientationLandscapeLeft UIInterfaceOrientationLandscapeRight";
				INFOPLIST_KEY_UISupportedInterfaceOrientations_iPhone = "UIInterfaceOrientationPortrait UIInterfaceOrientationLandscapeLeft UIInterfaceOrientationLandscapeRight";
				LD_RUNPATH_SEARCH_PATHS = (
					"$(inherited)",
					"@executable_path/Frameworks",
				);
				MARKETING_VERSION = 1.0;
				PRODUCT_BUNDLE_IDENTIFIER = santhosh.ChatAppTask1;
				PRODUCT_NAME = "$(TARGET_NAME)";
				SWIFT_EMIT_LOC_STRINGS = YES;
				SWIFT_VERSION = 5.0;
				TARGETED_DEVICE_FAMILY = "1,2";
			};
			name = Debug;
		};
		28C7AC522D22640100965A84 /* Release */ = {
			isa = XCBuildConfiguration;
			buildSettings = {
				ASSETCATALOG_COMPILER_APPICON_NAME = AppIcon;
				ASSETCATALOG_COMPILER_GLOBAL_ACCENT_COLOR_NAME = AccentColor;
				CODE_SIGN_STYLE = Automatic;
				CURRENT_PROJECT_VERSION = 1;
				GENERATE_INFOPLIST_FILE = YES;
				INFOPLIST_FILE = ChatAppTask1/Info.plist;
				INFOPLIST_KEY_UIApplicationSupportsIndirectInputEvents = YES;
				INFOPLIST_KEY_UILaunchStoryboardName = LaunchScreen;
				INFOPLIST_KEY_UIMainStoryboardFile = Main;
				INFOPLIST_KEY_UISupportedInterfaceOrientations_iPad = "UIInterfaceOrientationPortrait UIInterfaceOrientationPortraitUpsideDown UIInterfaceOrientationLandscapeLeft UIInterfaceOrientationLandscapeRight";
				INFOPLIST_KEY_UISupportedInterfaceOrientations_iPhone = "UIInterfaceOrientationPortrait UIInterfaceOrientationLandscapeLeft UIInterfaceOrientationLandscapeRight";
				LD_RUNPATH_SEARCH_PATHS = (
					"$(inherited)",
					"@executable_path/Frameworks",
				);
				MARKETING_VERSION = 1.0;
				PRODUCT_BUNDLE_IDENTIFIER = santhosh.ChatAppTask1;
				PRODUCT_NAME = "$(TARGET_NAME)";
				SWIFT_EMIT_LOC_STRINGS = YES;
				SWIFT_VERSION = 5.0;
				TARGETED_DEVICE_FAMILY = "1,2";
			};
			name = Release;
		};
		28C7AC532D22640100965A84 /* Debug */ = {
			isa = XCBuildConfiguration;
			buildSettings = {
				ALWAYS_SEARCH_USER_PATHS = NO;
				ASSETCATALOG_COMPILER_GENERATE_SWIFT_ASSET_SYMBOL_EXTENSIONS = YES;
				CLANG_ANALYZER_NONNULL = YES;
				CLANG_ANALYZER_NUMBER_OBJECT_CONVERSION = YES_AGGRESSIVE;
				CLANG_CXX_LANGUAGE_STANDARD = "gnu++20";
				CLANG_ENABLE_MODULES = YES;
				CLANG_ENABLE_OBJC_ARC = YES;
				CLANG_ENABLE_OBJC_WEAK = YES;
				CLANG_WARN_BLOCK_CAPTURE_AUTORELEASING = YES;
				CLANG_WARN_BOOL_CONVERSION = YES;
				CLANG_WARN_COMMA = YES;
				CLANG_WARN_CONSTANT_CONVERSION = YES;
				CLANG_WARN_DEPRECATED_OBJC_IMPLEMENTATIONS = YES;
				CLANG_WARN_DIRECT_OBJC_ISA_USAGE = YES_ERROR;
				CLANG_WARN_DOCUMENTATION_COMMENTS = YES;
				CLANG_WARN_EMPTY_BODY = YES;
				CLANG_WARN_ENUM_CONVERSION = YES;
				CLANG_WARN_INFINITE_RECURSION = YES;
				CLANG_WARN_INT_CONVERSION = YES;
				CLANG_WARN_NON_LITERAL_NULL_CONVERSION = YES;
				CLANG_WARN_OBJC_IMPLICIT_RETAIN_SELF = YES;
				CLANG_WARN_OBJC_LITERAL_CONVERSION = YES;
				CLANG_WARN_OBJC_ROOT_CLASS = YES_ERROR;
				CLANG_WARN_QUOTED_INCLUDE_IN_FRAMEWORK_HEADER = YES;
				CLANG_WARN_RANGE_LOOP_ANALYSIS = YES;
				CLANG_WARN_STRICT_PROTOTYPES = YES;
				CLANG_WARN_SUSPICIOUS_MOVE = YES;
				CLANG_WARN_UNGUARDED_AVAILABILITY = YES_AGGRESSIVE;
				CLANG_WARN_UNREACHABLE_CODE = YES;
				CLANG_WARN__DUPLICATE_METHOD_MATCH = YES;
				COPY_PHASE_STRIP = NO;
				DEBUG_INFORMATION_FORMAT = dwarf;
				ENABLE_STRICT_OBJC_MSGSEND = YES;
				ENABLE_TESTABILITY = YES;
				ENABLE_USER_SCRIPT_SANDBOXING = YES;
				GCC_C_LANGUAGE_STANDARD = gnu17;
				GCC_DYNAMIC_NO_PIC = NO;
				GCC_NO_COMMON_BLOCKS = YES;
				GCC_OPTIMIZATION_LEVEL = 0;
				GCC_PREPROCESSOR_DEFINITIONS = (
					"DEBUG=1",
					"$(inherited)",
				);
				GCC_WARN_64_TO_32_BIT_CONVERSION = YES;
				GCC_WARN_ABOUT_RETURN_TYPE = YES_ERROR;
				GCC_WARN_UNDECLARED_SELECTOR = YES;
				GCC_WARN_UNINITIALIZED_AUTOS = YES_AGGRESSIVE;
				GCC_WARN_UNUSED_FUNCTION = YES;
				GCC_WARN_UNUSED_VARIABLE = YES;
				IPHONEOS_DEPLOYMENT_TARGET = 18.2;
				LOCALIZATION_PREFERS_STRING_CATALOGS = YES;
				MTL_ENABLE_DEBUG_INFO = INCLUDE_SOURCE;
				MTL_FAST_MATH = YES;
				ONLY_ACTIVE_ARCH = YES;
				SDKROOT = iphoneos;
				SWIFT_ACTIVE_COMPILATION_CONDITIONS = "DEBUG $(inherited)";
				SWIFT_OPTIMIZATION_LEVEL = "-Onone";
			};
			name = Debug;
		};
		28C7AC542D22640100965A84 /* Release */ = {
			isa = XCBuildConfiguration;
			buildSettings = {
				ALWAYS_SEARCH_USER_PATHS = NO;
				ASSETCATALOG_COMPILER_GENERATE_SWIFT_ASSET_SYMBOL_EXTENSIONS = YES;
				CLANG_ANALYZER_NONNULL = YES;
				CLANG_ANALYZER_NUMBER_OBJECT_CONVERSION = YES_AGGRESSIVE;
				CLANG_CXX_LANGUAGE_STANDARD = "gnu++20";
				CLANG_ENABLE_MODULES = YES;
				CLANG_ENABLE_OBJC_ARC = YES;
				CLANG_ENABLE_OBJC_WEAK = YES;
				CLANG_WARN_BLOCK_CAPTURE_AUTORELEASING = YES;
				CLANG_WARN_BOOL_CONVERSION = YES;
				CLANG_WARN_COMMA = YES;
				CLANG_WARN_CONSTANT_CONVERSION = YES;
				CLANG_WARN_DEPRECATED_OBJC_IMPLEMENTATIONS = YES;
				CLANG_WARN_DIRECT_OBJC_ISA_USAGE = YES_ERROR;
				CLANG_WARN_DOCUMENTATION_COMMENTS = YES;
				CLANG_WARN_EMPTY_BODY = YES;
				CLANG_WARN_ENUM_CONVERSION = YES;
				CLANG_WARN_INFINITE_RECURSION = YES;
				CLANG_WARN_INT_CONVERSION = YES;
				CLANG_WARN_NON_LITERAL_NULL_CONVERSION = YES;
				CLANG_WARN_OBJC_IMPLICIT_RETAIN_SELF = YES;
				CLANG_WARN_OBJC_LITERAL_CONVERSION = YES;
				CLANG_WARN_OBJC_ROOT_CLASS = YES_ERROR;
				CLANG_WARN_QUOTED_INCLUDE_IN_FRAMEWORK_HEADER = YES;
				CLANG_WARN_RANGE_LOOP_ANALYSIS = YES;
				CLANG_WARN_STRICT_PROTOTYPES = YES;
				CLANG_WARN_SUSPICIOUS_MOVE = YES;
				CLANG_WARN_UNGUARDED_AVAILABILITY = YES_AGGRESSIVE;
				CLANG_WARN_UNREACHABLE_CODE = YES;
				CLANG_WARN__DUPLICATE_METHOD_MATCH = YES;
				COPY_PHASE_STRIP = NO;
				DEBUG_INFORMATION_FORMAT = "dwarf-with-dsym";
				ENABLE_NS_ASSERTIONS = NO;
				ENABLE_STRICT_OBJC_MSGSEND = YES;
				ENABLE_USER_SCRIPT_SANDBOXING = YES;
				GCC_C_LANGUAGE_STANDARD = gnu17;
				GCC_NO_COMMON_BLOCKS = YES;
				GCC_WARN_64_TO_32_BIT_CONVERSION = YES;
				GCC_WARN_ABOUT_RETURN_TYPE = YES_ERROR;
				GCC_WARN_UNDECLARED_SELECTOR = YES;
				GCC_WARN_UNINITIALIZED_AUTOS = YES_AGGRESSIVE;
				GCC_WARN_UNUSED_FUNCTION = YES;
				GCC_WARN_UNUSED_VARIABLE = YES;
				IPHONEOS_DEPLOYMENT_TARGET = 18.2;
				LOCALIZATION_PREFERS_STRING_CATALOGS = YES;
				MTL_ENABLE_DEBUG_INFO = NO;
				MTL_FAST_MATH = YES;
				SDKROOT = iphoneos;
				SWIFT_COMPILATION_MODE = wholemodule;
				VALIDATE_PRODUCT = YES;
			};
			name = Release;
		};
		28C7AC562D22640100965A84 /* Debug */ = {
			isa = XCBuildConfiguration;
			buildSettings = {
				BUNDLE_LOADER = "$(TEST_HOST)";
				CODE_SIGN_STYLE = Automatic;
				CURRENT_PROJECT_VERSION = 1;
				GENERATE_INFOPLIST_FILE = YES;
				IPHONEOS_DEPLOYMENT_TARGET = 18.2;
				MARKETING_VERSION = 1.0;
				PRODUCT_BUNDLE_IDENTIFIER = santhosh.ChatAppTask1Tests;
				PRODUCT_NAME = "$(TARGET_NAME)";
				SWIFT_EMIT_LOC_STRINGS = NO;
				SWIFT_VERSION = 5.0;
				TARGETED_DEVICE_FAMILY = "1,2";
				TEST_HOST = "$(BUILT_PRODUCTS_DIR)/ChatAppTask1.app/$(BUNDLE_EXECUTABLE_FOLDER_PATH)/ChatAppTask1";
			};
			name = Debug;
		};
		28C7AC572D22640100965A84 /* Release */ = {
			isa = XCBuildConfiguration;
			buildSettings = {
				BUNDLE_LOADER = "$(TEST_HOST)";
				CODE_SIGN_STYLE = Automatic;
				CURRENT_PROJECT_VERSION = 1;
				GENERATE_INFOPLIST_FILE = YES;
				IPHONEOS_DEPLOYMENT_TARGET = 18.2;
				MARKETING_VERSION = 1.0;
				PRODUCT_BUNDLE_IDENTIFIER = santhosh.ChatAppTask1Tests;
				PRODUCT_NAME = "$(TARGET_NAME)";
				SWIFT_EMIT_LOC_STRINGS = NO;
				SWIFT_VERSION = 5.0;
				TARGETED_DEVICE_FAMILY = "1,2";
				TEST_HOST = "$(BUILT_PRODUCTS_DIR)/ChatAppTask1.app/$(BUNDLE_EXECUTABLE_FOLDER_PATH)/ChatAppTask1";
			};
			name = Release;
		};
		28C7AC592D22640100965A84 /* Debug */ = {
			isa = XCBuildConfiguration;
			buildSettings = {
				CODE_SIGN_STYLE = Automatic;
				CURRENT_PROJECT_VERSION = 1;
				GENERATE_INFOPLIST_FILE = YES;
				MARKETING_VERSION = 1.0;
				PRODUCT_BUNDLE_IDENTIFIER = santhosh.ChatAppTask1UITests;
				PRODUCT_NAME = "$(TARGET_NAME)";
				SWIFT_EMIT_LOC_STRINGS = NO;
				SWIFT_VERSION = 5.0;
				TARGETED_DEVICE_FAMILY = "1,2";
				TEST_TARGET_NAME = ChatAppTask1;
			};
			name = Debug;
		};
		28C7AC5A2D22640100965A84 /* Release */ = {
			isa = XCBuildConfiguration;
			buildSettings = {
				CODE_SIGN_STYLE = Automatic;
				CURRENT_PROJECT_VERSION = 1;
				GENERATE_INFOPLIST_FILE = YES;
				MARKETING_VERSION = 1.0;
				PRODUCT_BUNDLE_IDENTIFIER = santhosh.ChatAppTask1UITests;
				PRODUCT_NAME = "$(TARGET_NAME)";
				SWIFT_EMIT_LOC_STRINGS = NO;
				SWIFT_VERSION = 5.0;
				TARGETED_DEVICE_FAMILY = "1,2";
				TEST_TARGET_NAME = ChatAppTask1;
			};
			name = Release;
		};
/* End XCBuildConfiguration section */

/* Begin XCConfigurationList section */
		28C7AC1F2D22640000965A84 /* Build configuration list for PBXProject "ChatAppTask1" */ = {
			isa = XCConfigurationList;
			buildConfigurations = (
				28C7AC532D22640100965A84 /* Debug */,
				28C7AC542D22640100965A84 /* Release */,
			);
			defaultConfigurationIsVisible = 0;
			defaultConfigurationName = Release;
		};
		28C7AC502D22640100965A84 /* Build configuration list for PBXNativeTarget "ChatAppTask1" */ = {
			isa = XCConfigurationList;
			buildConfigurations = (
				28C7AC512D22640100965A84 /* Debug */,
				28C7AC522D22640100965A84 /* Release */,
			);
			defaultConfigurationIsVisible = 0;
			defaultConfigurationName = Release;
		};
		28C7AC552D22640100965A84 /* Build configuration list for PBXNativeTarget "ChatAppTask1Tests" */ = {
			isa = XCConfigurationList;
			buildConfigurations = (
				28C7AC562D22640100965A84 /* Debug */,
				28C7AC572D22640100965A84 /* Release */,
			);
			defaultConfigurationIsVisible = 0;
			defaultConfigurationName = Release;
		};
		28C7AC582D22640100965A84 /* Build configuration list for PBXNativeTarget "ChatAppTask1UITests" */ = {
			isa = XCConfigurationList;
			buildConfigurations = (
				28C7AC592D22640100965A84 /* Debug */,
				28C7AC5A2D22640100965A84 /* Release */,
			);
			defaultConfigurationIsVisible = 0;
			defaultConfigurationName = Release;
		};
/* End XCConfigurationList section */
	};
	rootObject = 28C7AC1C2D22640000965A84 /* Project object */;
}
